
Microsoft Visual Studio Solution File, Format Version 12.00
# Visual Studio Version 17
VisualStudioVersion = 17.6.33815.320
MinimumVisualStudioVersion = 10.0.40219.1
Project("{FAE04EC0-301F-11D3-BF4B-00C04F79EFBC}") = "E-TicaretSitesiMVC", "E-TicaretSitesiMVC\E-TicaretSitesiMVC.csproj", "{5BFA7AEC-91E2-4169-AEC9-960B8003E8ED}"
EndProject
Global
	GlobalSection(SolutionConfigurationPlatforms) = preSolution
		Debug|Any CPU = Debug|Any CPU
		Release|Any CPU = Release|Any CPU
	EndGlobalSection
	GlobalSection(ProjectConfigurationPlatforms) = postSolution
		{5BFA7AEC-91E2-4169-AEC9-960B8003E8ED}.Debug|Any CPU.ActiveCfg = Debug|Any CPU
		{5BFA7AEC-91E2-4169-AEC9-960B8003E8ED}.Debug|Any CPU.Build.0 = Debug|Any CPU
		{5BFA7AEC-91E2-4169-AEC9-960B8003E8ED}.Release|Any CPU.ActiveCfg = Release|Any CPU
		{5BFA7AEC-91E2-4169-AEC9-960B8003E8ED}.Release|Any CPU.Build.0 = Release|Any CPU
	EndGlobalSection
	GlobalSection(SolutionProperties) = preSolution
		HideSolutionNode = FALSE
	EndGlobalSection
	GlobalSection(ExtensibilityGlobals) = postSolution
		SolutionGuid = {C97D23F6-4702-48A6-98BF-DA66E839EAF3}
	EndGlobalSection
EndGlobal
